
Microsoft Visual Studio Solution File, Format Version 12.00
# Visual Studio Version 17
VisualStudioVersion = 17.9.34607.119
MinimumVisualStudioVersion = 10.0.40219.1
Project("{FAE04EC0-301F-11D3-BF4B-00C04F79EFBC}") = "Calculadora", "Calculadora\Calculadora.csproj", "{B04A5E5F-E510-4B8A-B838-0C58140556EB}"
EndProject
Global
	GlobalSection(SolutionConfigurationPlatforms) = preSolution
		Debug|Any CPU = Debug|Any CPU
		Release|Any CPU = Release|Any CPU
	EndGlobalSection
	GlobalSection(ProjectConfigurationPlatforms) = postSolution
		{B04A5E5F-E510-4B8A-B838-0C58140556EB}.Debug|Any CPU.ActiveCfg = Debug|Any CPU
		{B04A5E5F-E510-4B8A-B838-0C58140556EB}.Debug|Any CPU.Build.0 = Debug|Any CPU
		{B04A5E5F-E510-4B8A-B838-0C58140556EB}.Release|Any CPU.ActiveCfg = Release|Any CPU
		{B04A5E5F-E510-4B8A-B838-0C58140556EB}.Release|Any CPU.Build.0 = Release|Any CPU
	EndGlobalSection
	GlobalSection(SolutionProperties) = preSolution
		HideSolutionNode = FALSE
	EndGlobalSection
	GlobalSection(ExtensibilityGlobals) = postSolution
		SolutionGuid = {AB5F9E7A-5592-419A-BF34-BF430A4AE9C6}
	EndGlobalSection
EndGlobal
